{
  "version": 4,
  "terraform_version": "1.9.8",
  "serial": 17,
  "lineage": "ea29ca5e-47fa-6e4a-48e4-edcd7207f362",
  "outputs": {},
  "resources": [
    {
      "mode": "managed",
      "type": "azurerm_linux_virtual_machine",
      "name": "testvm1",
      "provider": "provider[\"registry.terraform.io/hashicorp/azurerm\"]",
      "instances": [
        {
          "schema_version": 0,
          "attributes": {
            "additional_capabilities": [],
            "admin_password": "India@123456",
            "admin_ssh_key": [],
            "admin_username": "adminsree",
            "allow_extension_operations": true,
            "availability_set_id": "",
            "boot_diagnostics": [],
            "bypass_platform_safety_checks_on_user_schedule_enabled": false,
            "capacity_reservation_group_id": "",
            "computer_name": "devvm1",
            "custom_data": null,
            "dedicated_host_group_id": "",
            "dedicated_host_id": "",
            "disable_password_authentication": false,
            "disk_controller_type": "SCSI",
            "edge_zone": "",
            "encryption_at_host_enabled": false,
            "eviction_policy": "",
            "extensions_time_budget": "PT1H30M",
            "gallery_application": [],
            "id": "/subscriptions/4879f329-b467-46e8-9912-49f66c238cdd/resourceGroups/rg1/providers/Microsoft.Compute/virtualMachines/rg1-testvm-1",
            "identity": [],
            "license_type": "",
            "location": "westus2",
            "max_bid_price": -1,
            "name": "rg1-testvm-1",
            "network_interface_ids": [
              "/subscriptions/4879f329-b467-46e8-9912-49f66c238cdd/resourceGroups/rg1/providers/Microsoft.Network/networkInterfaces/testvm1-nic1"
            ],
            "os_disk": [
              {
                "caching": "ReadWrite",
                "diff_disk_settings": [],
                "disk_encryption_set_id": "",
                "disk_size_gb": 30,
                "id": "/subscriptions/4879f329-b467-46e8-9912-49f66c238cdd/resourceGroups/rg1/providers/Microsoft.Compute/disks/myOsDisk",
                "name": "myOsDisk",
                "secure_vm_disk_encryption_set_id": "",
                "security_encryption_type": "",
                "storage_account_type": "Standard_LRS",
                "write_accelerator_enabled": false
              }
            ],
            "os_image_notification": [],
            "patch_assessment_mode": "ImageDefault",
            "patch_mode": "ImageDefault",
            "plan": [],
            "platform_fault_domain": -1,
            "priority": "Regular",
            "private_ip_address": "10.48.1.4",
            "private_ip_addresses": [
              "10.48.1.4"
            ],
            "provision_vm_agent": true,
            "proximity_placement_group_id": "",
            "public_ip_address": "40.65.113.201",
            "public_ip_addresses": [
              "40.65.113.201"
            ],
            "reboot_setting": "",
            "resource_group_name": "rg1",
            "secret": [],
            "secure_boot_enabled": false,
            "size": "Standard_B2s",
            "source_image_id": "",
            "source_image_reference": [
              {
                "offer": "0001-com-ubuntu-server-jammy",
                "publisher": "Canonical",
                "sku": "22_04-lts-gen2",
                "version": "latest"
              }
            ],
            "tags": null,
            "termination_notification": null,
            "timeouts": null,
            "user_data": "IyEgL3Vzci9iaW4vZW52IGJhc2gNCg0KZWNobyAiUnVubmluZyBjbG91ZC1pbml0IHNjcmlwdC4uLiINCg0KIyBVcGRhdGUgcGFja2FnZSBsaXN0DQphcHQgdXBkYXRlIC15DQoNCiMgSW5zdGFsbCBOZ2lueA0KYXB0IGluc3RhbGwgbmdpbnggLXkNCmVjaG8gIkhlbGxvIGZyb20gVGVycmFmb3JtISIgPiAvdmFyL3d3dy9odG1sL2luZGV4Lmh0bWwNCg0KIyBJbnN0YWxsIFRlbXVyaW4gSkRLIDE3DQp3Z2V0IC1PIC0gaHR0cHM6Ly9wYWNrYWdlcy5hZG9wdGl1bS5uZXQvYXJ0aWZhY3RvcnkvYXBpL2dwZy9rZXkvcHVibGljIHwgdGVlIC9ldGMvYXB0L2tleXJpbmdzL2Fkb3B0aXVtLmFzYw0KZWNobyAiZGViIFtzaWduZWQtYnk9L2V0Yy9hcHQva2V5cmluZ3MvYWRvcHRpdW0uYXNjXSBodHRwczovL3BhY2thZ2VzLmFkb3B0aXVtLm5ldC9hcnRpZmFjdG9yeS9kZWIgJChhd2sgLUY9ICcvXlZFUlNJT05fQ09ERU5BTUUve3ByaW50JDJ9JyAvZXRjL29zLXJlbGVhc2UpIG1haW4iIHwgdGVlIC9ldGMvYXB0L3NvdXJjZXMubGlzdC5kL2Fkb3B0aXVtLmxpc3QNCmFwdCB1cGRhdGUgLXkNCmFwdCBpbnN0YWxsIHRlbXVyaW4tMTctamRrIC15DQovdXNyL2Jpbi9qYXZhIC0tdmVyc2lvbg0KDQojIEluc3RhbGwgSmVua2lucw0KY3VybCAtZnNTTCBodHRwczovL3BrZy5qZW5raW5zLmlvL2RlYmlhbi1zdGFibGUvamVua2lucy5pby0yMDIzLmtleSB8IHRlZSAvdXNyL3NoYXJlL2tleXJpbmdzL2plbmtpbnMta2V5cmluZy5hc2MgPiAvZGV2L251bGwNCmVjaG8gZGViIFtzaWduZWQtYnk9L3Vzci9zaGFyZS9rZXlyaW5ncy9qZW5raW5zLWtleXJpbmcuYXNjXSBodHRwczovL3BrZy5qZW5raW5zLmlvL2RlYmlhbi1zdGFibGUgYmluYXJ5LyB8IHRlZSAvZXRjL2FwdC9zb3VyY2VzLmxpc3QuZC9qZW5raW5zLmxpc3QgPiAvZGV2L251bGwNCmFwdC1nZXQgdXBkYXRlIC15DQphcHQtZ2V0IGluc3RhbGwgamVua2lucyAteQ0Kc3lzdGVtY3RsIGVuYWJsZSBqZW5raW5zDQpzeXN0ZW1jdGwgc3RhcnQgamVua2lucw0KDQojIEluc3RhbGwgRG9ja2VyDQphcHQtZ2V0IGluc3RhbGwgZG9ja2VyLmlvIC15DQp1c2VybW9kIC1hRyBkb2NrZXIgdWJ1bnR1DQpzeXN0ZW1jdGwgZW5hYmxlIGRvY2tlcg0Kc3lzdGVtY3RsIHN0YXJ0IGRvY2tlcg0KY2htb2QgNzc3IC92YXIvcnVuL2RvY2tlci5zb2NrDQoNCiMgUnVuIFNvbmFyUXViZSBDb250YWluZXINCmRvY2tlciBydW4gLWQgLS1uYW1lIHNvbmFyIC1wIDkwMDA6OTAwMCBzb25hcnF1YmU6bHRzLWNvbW11bml0eQ0KDQojIEluc3RhbGwgVHJpdnkNCmFwdC1nZXQgaW5zdGFsbCB3Z2V0IGFwdC10cmFuc3BvcnQtaHR0cHMgZ251cGcgbHNiLXJlbGVhc2UgLXkNCndnZXQgLXFPIC0gaHR0cHM6Ly9hcXVhc2VjdXJpdHkuZ2l0aHViLmlvL3RyaXZ5LXJlcG8vZGViL3B1YmxpYy5rZXkgfCBhcHQta2V5IGFkZCAtDQplY2hvIGRlYiBodHRwczovL2FxdWFzZWN1cml0eS5naXRodWIuaW8vdHJpdnktcmVwby9kZWIgJChsc2JfcmVsZWFzZSAtc2MpIG1haW4gfCB0ZWUgLWEgL2V0Yy9hcHQvc291cmNlcy5saXN0LmQvdHJpdnkubGlzdA0KYXB0LWdldCB1cGRhdGUgLXkNCmFwdC1nZXQgaW5zdGFsbCB0cml2eSAteQ0KDQplY2hvICJDbG91ZC1pbml0IHNjcmlwdCBleGVjdXRpb24gY29tcGxldGVkLiINCg==",
            "virtual_machine_id": "2b344b80-0699-4d5a-b062-882228c67c72",
            "virtual_machine_scale_set_id": "",
            "vm_agent_platform_updates_enabled": false,
            "vtpm_enabled": false,
            "zone": ""
          },
          "sensitive_attributes": [
            [
              {
                "type": "get_attr",
                "value": "admin_password"
              }
            ],
            [
              {
                "type": "get_attr",
                "value": "custom_data"
              }
            ]
          ],
          "private": "eyJlMmJmYjczMC1lY2FhLTExZTYtOGY4OC0zNDM2M2JjN2M0YzAiOnsiY3JlYXRlIjoyNzAwMDAwMDAwMDAwLCJkZWxldGUiOjI3MDAwMDAwMDAwMDAsInJlYWQiOjMwMDAwMDAwMDAwMCwidXBkYXRlIjoyNzAwMDAwMDAwMDAwfX0=",
          "dependencies": [
            "azurerm_network_interface.testvm1_nic1",
            "azurerm_public_ip.testvm_pip1",
            "azurerm_resource_group.rg1",
            "azurerm_subnet.vnet1-subnet-1",
            "azurerm_virtual_network.vnet1"
          ]
        }
      ]
    },
    {
      "mode": "managed",
      "type": "azurerm_network_interface",
      "name": "testvm1_nic1",
      "provider": "provider[\"registry.terraform.io/hashicorp/azurerm\"]",
      "instances": [
        {
          "schema_version": 0,
          "attributes": {
            "accelerated_networking_enabled": false,
            "applied_dns_servers": [],
            "auxiliary_mode": "",
            "auxiliary_sku": "",
            "dns_servers": null,
            "edge_zone": "",
            "id": "/subscriptions/4879f329-b467-46e8-9912-49f66c238cdd/resourceGroups/rg1/providers/Microsoft.Network/networkInterfaces/testvm1-nic1",
            "internal_dns_name_label": "",
            "internal_domain_name_suffix": "oswwkwztkere3guaxc1jik4cyf.xx.internal.cloudapp.net",
            "ip_configuration": [
              {
                "gateway_load_balancer_frontend_ip_configuration_id": "",
                "name": "testvm1-ipconfig",
                "primary": true,
                "private_ip_address": "10.48.1.4",
                "private_ip_address_allocation": "Dynamic",
                "private_ip_address_version": "IPv4",
                "public_ip_address_id": "/subscriptions/4879f329-b467-46e8-9912-49f66c238cdd/resourceGroups/rg1/providers/Microsoft.Network/publicIPAddresses/testvm-pip1",
                "subnet_id": "/subscriptions/4879f329-b467-46e8-9912-49f66c238cdd/resourceGroups/rg1/providers/Microsoft.Network/virtualNetworks/Dev-vnet1/subnets/vnet1-subnet-1"
              }
            ],
            "ip_forwarding_enabled": false,
            "location": "westus2",
            "mac_address": "",
            "name": "testvm1-nic1",
            "private_ip_address": "10.48.1.4",
            "private_ip_addresses": [
              "10.48.1.4"
            ],
            "resource_group_name": "rg1",
            "tags": null,
            "timeouts": null,
            "virtual_machine_id": ""
          },
          "sensitive_attributes": [],
          "private": "eyJlMmJmYjczMC1lY2FhLTExZTYtOGY4OC0zNDM2M2JjN2M0YzAiOnsiY3JlYXRlIjoxODAwMDAwMDAwMDAwLCJkZWxldGUiOjE4MDAwMDAwMDAwMDAsInJlYWQiOjMwMDAwMDAwMDAwMCwidXBkYXRlIjoxODAwMDAwMDAwMDAwfX0=",
          "dependencies": [
            "azurerm_public_ip.testvm_pip1",
            "azurerm_resource_group.rg1",
            "azurerm_subnet.vnet1-subnet-1",
            "azurerm_virtual_network.vnet1"
          ]
        }
      ]
    },
    {
      "mode": "managed",
      "type": "azurerm_network_security_group",
      "name": "devrg1-nsg1",
      "provider": "provider[\"registry.terraform.io/hashicorp/azurerm\"]",
      "instances": [
        {
          "schema_version": 0,
          "attributes": {
            "id": "/subscriptions/4879f329-b467-46e8-9912-49f66c238cdd/resourceGroups/rg1/providers/Microsoft.Network/networkSecurityGroups/rg1-nsg1",
            "location": "westus2",
            "name": "rg1-nsg1",
            "resource_group_name": "rg1",
            "security_rule": [],
            "tags": {
              "environment": "Dev"
            },
            "timeouts": null
          },
          "sensitive_attributes": [],
          "private": "eyJlMmJmYjczMC1lY2FhLTExZTYtOGY4OC0zNDM2M2JjN2M0YzAiOnsiY3JlYXRlIjoxODAwMDAwMDAwMDAwLCJkZWxldGUiOjE4MDAwMDAwMDAwMDAsInJlYWQiOjMwMDAwMDAwMDAwMCwidXBkYXRlIjoxODAwMDAwMDAwMDAwfX0=",
          "dependencies": [
            "azurerm_resource_group.rg1"
          ]
        }
      ]
    },
    {
      "mode": "managed",
      "type": "azurerm_network_security_rule",
      "name": "devrg1-nsg1-allow-all",
      "provider": "provider[\"registry.terraform.io/hashicorp/azurerm\"]",
      "instances": [
        {
          "schema_version": 0,
          "attributes": {
            "access": "Allow",
            "description": "",
            "destination_address_prefix": "*",
            "destination_address_prefixes": null,
            "destination_application_security_group_ids": null,
            "destination_port_range": "*",
            "destination_port_ranges": null,
            "direction": "Inbound",
            "id": "/subscriptions/4879f329-b467-46e8-9912-49f66c238cdd/resourceGroups/rg1/providers/Microsoft.Network/networkSecurityGroups/rg1-nsg1/securityRules/allow-all",
            "name": "allow-all",
            "network_security_group_name": "rg1-nsg1",
            "priority": 100,
            "protocol": "Tcp",
            "resource_group_name": "rg1",
            "source_address_prefix": "*",
            "source_address_prefixes": null,
            "source_application_security_group_ids": null,
            "source_port_range": "*",
            "source_port_ranges": null,
            "timeouts": null
          },
          "sensitive_attributes": [],
          "private": "eyJlMmJmYjczMC1lY2FhLTExZTYtOGY4OC0zNDM2M2JjN2M0YzAiOnsiY3JlYXRlIjoxODAwMDAwMDAwMDAwLCJkZWxldGUiOjE4MDAwMDAwMDAwMDAsInJlYWQiOjMwMDAwMDAwMDAwMCwidXBkYXRlIjoxODAwMDAwMDAwMDAwfX0=",
          "dependencies": [
            "azurerm_network_security_group.devrg1-nsg1",
            "azurerm_resource_group.rg1"
          ]
        }
      ]
    },
    {
      "mode": "managed",
      "type": "azurerm_network_security_rule",
      "name": "devrg1-nsg1-allow-all-functions",
      "provider": "provider[\"registry.terraform.io/hashicorp/azurerm\"]",
      "instances": [
        {
          "index_key": 0,
          "schema_version": 0,
          "attributes": {
            "access": "Allow",
            "description": "",
            "destination_address_prefix": "*",
            "destination_address_prefixes": null,
            "destination_application_security_group_ids": null,
            "destination_port_range": "22",
            "destination_port_ranges": null,
            "direction": "Inbound",
            "id": "/subscriptions/4879f329-b467-46e8-9912-49f66c238cdd/resourceGroups/rg1/providers/Microsoft.Network/networkSecurityGroups/rg1-nsg1/securityRules/allow-all-functions-22",
            "name": "allow-all-functions-22",
            "network_security_group_name": "rg1-nsg1",
            "priority": 110,
            "protocol": "Tcp",
            "resource_group_name": "rg1",
            "source_address_prefix": "*",
            "source_address_prefixes": null,
            "source_application_security_group_ids": null,
            "source_port_range": "22",
            "source_port_ranges": null,
            "timeouts": null
          },
          "sensitive_attributes": [],
          "private": "eyJlMmJmYjczMC1lY2FhLTExZTYtOGY4OC0zNDM2M2JjN2M0YzAiOnsiY3JlYXRlIjoxODAwMDAwMDAwMDAwLCJkZWxldGUiOjE4MDAwMDAwMDAwMDAsInJlYWQiOjMwMDAwMDAwMDAwMCwidXBkYXRlIjoxODAwMDAwMDAwMDAwfX0=",
          "dependencies": [
            "azurerm_network_security_group.devrg1-nsg1",
            "azurerm_resource_group.rg1"
          ]
        },
        {
          "index_key": 1,
          "schema_version": 0,
          "attributes": {
            "access": "Allow",
            "description": "",
            "destination_address_prefix": "*",
            "destination_address_prefixes": null,
            "destination_application_security_group_ids": null,
            "destination_port_range": "80",
            "destination_port_ranges": null,
            "direction": "Inbound",
            "id": "/subscriptions/4879f329-b467-46e8-9912-49f66c238cdd/resourceGroups/rg1/providers/Microsoft.Network/networkSecurityGroups/rg1-nsg1/securityRules/allow-all-functions-80",
            "name": "allow-all-functions-80",
            "network_security_group_name": "rg1-nsg1",
            "priority": 111,
            "protocol": "Tcp",
            "resource_group_name": "rg1",
            "source_address_prefix": "*",
            "source_address_prefixes": null,
            "source_application_security_group_ids": null,
            "source_port_range": "80",
            "source_port_ranges": null,
            "timeouts": null
          },
          "sensitive_attributes": [],
          "private": "eyJlMmJmYjczMC1lY2FhLTExZTYtOGY4OC0zNDM2M2JjN2M0YzAiOnsiY3JlYXRlIjoxODAwMDAwMDAwMDAwLCJkZWxldGUiOjE4MDAwMDAwMDAwMDAsInJlYWQiOjMwMDAwMDAwMDAwMCwidXBkYXRlIjoxODAwMDAwMDAwMDAwfX0=",
          "dependencies": [
            "azurerm_network_security_group.devrg1-nsg1",
            "azurerm_resource_group.rg1"
          ]
        },
        {
          "index_key": 2,
          "schema_version": 0,
          "attributes": {
            "access": "Allow",
            "description": "",
            "destination_address_prefix": "*",
            "destination_address_prefixes": null,
            "destination_application_security_group_ids": null,
            "destination_port_range": "9000",
            "destination_port_ranges": null,
            "direction": "Inbound",
            "id": "/subscriptions/4879f329-b467-46e8-9912-49f66c238cdd/resourceGroups/rg1/providers/Microsoft.Network/networkSecurityGroups/rg1-nsg1/securityRules/allow-all-functions-9000",
            "name": "allow-all-functions-9000",
            "network_security_group_name": "rg1-nsg1",
            "priority": 112,
            "protocol": "Tcp",
            "resource_group_name": "rg1",
            "source_address_prefix": "*",
            "source_address_prefixes": null,
            "source_application_security_group_ids": null,
            "source_port_range": "9000",
            "source_port_ranges": null,
            "timeouts": null
          },
          "sensitive_attributes": [],
          "private": "eyJlMmJmYjczMC1lY2FhLTExZTYtOGY4OC0zNDM2M2JjN2M0YzAiOnsiY3JlYXRlIjoxODAwMDAwMDAwMDAwLCJkZWxldGUiOjE4MDAwMDAwMDAwMDAsInJlYWQiOjMwMDAwMDAwMDAwMCwidXBkYXRlIjoxODAwMDAwMDAwMDAwfX0=",
          "dependencies": [
            "azurerm_network_security_group.devrg1-nsg1",
            "azurerm_resource_group.rg1"
          ]
        },
        {
          "index_key": 3,
          "schema_version": 0,
          "attributes": {
            "access": "Allow",
            "description": "",
            "destination_address_prefix": "*",
            "destination_address_prefixes": null,
            "destination_application_security_group_ids": null,
            "destination_port_range": "3389",
            "destination_port_ranges": null,
            "direction": "Inbound",
            "id": "/subscriptions/4879f329-b467-46e8-9912-49f66c238cdd/resourceGroups/rg1/providers/Microsoft.Network/networkSecurityGroups/rg1-nsg1/securityRules/allow-all-functions-3389",
            "name": "allow-all-functions-3389",
            "network_security_group_name": "rg1-nsg1",
            "priority": 113,
            "protocol": "Tcp",
            "resource_group_name": "rg1",
            "source_address_prefix": "*",
            "source_address_prefixes": null,
            "source_application_security_group_ids": null,
            "source_port_range": "3389",
            "source_port_ranges": null,
            "timeouts": null
          },
          "sensitive_attributes": [],
          "private": "eyJlMmJmYjczMC1lY2FhLTExZTYtOGY4OC0zNDM2M2JjN2M0YzAiOnsiY3JlYXRlIjoxODAwMDAwMDAwMDAwLCJkZWxldGUiOjE4MDAwMDAwMDAwMDAsInJlYWQiOjMwMDAwMDAwMDAwMCwidXBkYXRlIjoxODAwMDAwMDAwMDAwfX0=",
          "dependencies": [
            "azurerm_network_security_group.devrg1-nsg1",
            "azurerm_resource_group.rg1"
          ]
        },
        {
          "index_key": 4,
          "schema_version": 0,
          "attributes": {
            "access": "Allow",
            "description": "",
            "destination_address_prefix": "*",
            "destination_address_prefixes": null,
            "destination_application_security_group_ids": null,
            "destination_port_range": "443",
            "destination_port_ranges": null,
            "direction": "Inbound",
            "id": "/subscriptions/4879f329-b467-46e8-9912-49f66c238cdd/resourceGroups/rg1/providers/Microsoft.Network/networkSecurityGroups/rg1-nsg1/securityRules/allow-all-functions-443",
            "name": "allow-all-functions-443",
            "network_security_group_name": "rg1-nsg1",
            "priority": 114,
            "protocol": "Tcp",
            "resource_group_name": "rg1",
            "source_address_prefix": "*",
            "source_address_prefixes": null,
            "source_application_security_group_ids": null,
            "source_port_range": "443",
            "source_port_ranges": null,
            "timeouts": null
          },
          "sensitive_attributes": [],
          "private": "eyJlMmJmYjczMC1lY2FhLTExZTYtOGY4OC0zNDM2M2JjN2M0YzAiOnsiY3JlYXRlIjoxODAwMDAwMDAwMDAwLCJkZWxldGUiOjE4MDAwMDAwMDAwMDAsInJlYWQiOjMwMDAwMDAwMDAwMCwidXBkYXRlIjoxODAwMDAwMDAwMDAwfX0=",
          "dependencies": [
            "azurerm_network_security_group.devrg1-nsg1",
            "azurerm_resource_group.rg1"
          ]
        },
        {
          "index_key": 5,
          "schema_version": 0,
          "attributes": {
            "access": "Allow",
            "description": "",
            "destination_address_prefix": "*",
            "destination_address_prefixes": null,
            "destination_application_security_group_ids": null,
            "destination_port_range": "8080",
            "destination_port_ranges": null,
            "direction": "Inbound",
            "id": "/subscriptions/4879f329-b467-46e8-9912-49f66c238cdd/resourceGroups/rg1/providers/Microsoft.Network/networkSecurityGroups/rg1-nsg1/securityRules/allow-all-functions-8080",
            "name": "allow-all-functions-8080",
            "network_security_group_name": "rg1-nsg1",
            "priority": 115,
            "protocol": "Tcp",
            "resource_group_name": "rg1",
            "source_address_prefix": "*",
            "source_address_prefixes": null,
            "source_application_security_group_ids": null,
            "source_port_range": "8080",
            "source_port_ranges": null,
            "timeouts": null
          },
          "sensitive_attributes": [],
          "private": "eyJlMmJmYjczMC1lY2FhLTExZTYtOGY4OC0zNDM2M2JjN2M0YzAiOnsiY3JlYXRlIjoxODAwMDAwMDAwMDAwLCJkZWxldGUiOjE4MDAwMDAwMDAwMDAsInJlYWQiOjMwMDAwMDAwMDAwMCwidXBkYXRlIjoxODAwMDAwMDAwMDAwfX0=",
          "dependencies": [
            "azurerm_network_security_group.devrg1-nsg1",
            "azurerm_resource_group.rg1"
          ]
        }
      ]
    },
    {
      "mode": "managed",
      "type": "azurerm_public_ip",
      "name": "testvm_pip1",
      "provider": "provider[\"registry.terraform.io/hashicorp/azurerm\"]",
      "instances": [
        {
          "schema_version": 0,
          "attributes": {
            "allocation_method": "Static",
            "ddos_protection_mode": "VirtualNetworkInherited",
            "ddos_protection_plan_id": null,
            "domain_name_label": null,
            "domain_name_label_scope": null,
            "edge_zone": "",
            "fqdn": null,
            "id": "/subscriptions/4879f329-b467-46e8-9912-49f66c238cdd/resourceGroups/rg1/providers/Microsoft.Network/publicIPAddresses/testvm-pip1",
            "idle_timeout_in_minutes": 4,
            "ip_address": "40.65.113.201",
            "ip_tags": null,
            "ip_version": "IPv4",
            "location": "westus2",
            "name": "testvm-pip1",
            "public_ip_prefix_id": null,
            "resource_group_name": "rg1",
            "reverse_fqdn": null,
            "sku": "Standard",
            "sku_tier": "Regional",
            "tags": null,
            "timeouts": null,
            "zones": null
          },
          "sensitive_attributes": [],
          "private": "eyJlMmJmYjczMC1lY2FhLTExZTYtOGY4OC0zNDM2M2JjN2M0YzAiOnsiY3JlYXRlIjoxODAwMDAwMDAwMDAwLCJkZWxldGUiOjE4MDAwMDAwMDAwMDAsInJlYWQiOjMwMDAwMDAwMDAwMCwidXBkYXRlIjoxODAwMDAwMDAwMDAwfX0=",
          "dependencies": [
            "azurerm_resource_group.rg1"
          ]
        }
      ]
    },
    {
      "mode": "managed",
      "type": "azurerm_resource_group",
      "name": "rg1",
      "provider": "provider[\"registry.terraform.io/hashicorp/azurerm\"]",
      "instances": [
        {
          "schema_version": 0,
          "attributes": {
            "id": "/subscriptions/4879f329-b467-46e8-9912-49f66c238cdd/resourceGroups/rg1",
            "location": "westus2",
            "managed_by": "",
            "name": "rg1",
            "tags": {
              "Env": "Dev"
            },
            "timeouts": null
          },
          "sensitive_attributes": [],
          "private": "eyJlMmJmYjczMC1lY2FhLTExZTYtOGY4OC0zNDM2M2JjN2M0YzAiOnsiY3JlYXRlIjo1NDAwMDAwMDAwMDAwLCJkZWxldGUiOjU0MDAwMDAwMDAwMDAsInJlYWQiOjMwMDAwMDAwMDAwMCwidXBkYXRlIjo1NDAwMDAwMDAwMDAwfX0="
        }
      ]
    },
    {
      "mode": "managed",
      "type": "azurerm_subnet",
      "name": "vnet1-subnet-1",
      "provider": "provider[\"registry.terraform.io/hashicorp/azurerm\"]",
      "instances": [
        {
          "schema_version": 0,
          "attributes": {
            "address_prefixes": [
              "10.48.1.0/24"
            ],
            "default_outbound_access_enabled": true,
            "delegation": [],
            "id": "/subscriptions/4879f329-b467-46e8-9912-49f66c238cdd/resourceGroups/rg1/providers/Microsoft.Network/virtualNetworks/Dev-vnet1/subnets/vnet1-subnet-1",
            "name": "vnet1-subnet-1",
            "private_endpoint_network_policies": "Disabled",
            "private_link_service_network_policies_enabled": true,
            "resource_group_name": "rg1",
            "service_endpoint_policy_ids": null,
            "service_endpoints": null,
            "timeouts": null,
            "virtual_network_name": "Dev-vnet1"
          },
          "sensitive_attributes": [],
          "private": "eyJlMmJmYjczMC1lY2FhLTExZTYtOGY4OC0zNDM2M2JjN2M0YzAiOnsiY3JlYXRlIjoxODAwMDAwMDAwMDAwLCJkZWxldGUiOjE4MDAwMDAwMDAwMDAsInJlYWQiOjMwMDAwMDAwMDAwMCwidXBkYXRlIjoxODAwMDAwMDAwMDAwfX0=",
          "dependencies": [
            "azurerm_resource_group.rg1",
            "azurerm_virtual_network.vnet1"
          ]
        }
      ]
    },
    {
      "mode": "managed",
      "type": "azurerm_subnet_network_security_group_association",
      "name": "subnet1",
      "provider": "provider[\"registry.terraform.io/hashicorp/azurerm\"]",
      "instances": [
        {
          "schema_version": 0,
          "attributes": {
            "id": "/subscriptions/4879f329-b467-46e8-9912-49f66c238cdd/resourceGroups/rg1/providers/Microsoft.Network/virtualNetworks/Dev-vnet1/subnets/vnet1-subnet-1",
            "network_security_group_id": "/subscriptions/4879f329-b467-46e8-9912-49f66c238cdd/resourceGroups/rg1/providers/Microsoft.Network/networkSecurityGroups/rg1-nsg1",
            "subnet_id": "/subscriptions/4879f329-b467-46e8-9912-49f66c238cdd/resourceGroups/rg1/providers/Microsoft.Network/virtualNetworks/Dev-vnet1/subnets/vnet1-subnet-1",
            "timeouts": null
          },
          "sensitive_attributes": [],
          "private": "eyJlMmJmYjczMC1lY2FhLTExZTYtOGY4OC0zNDM2M2JjN2M0YzAiOnsiY3JlYXRlIjoxODAwMDAwMDAwMDAwLCJkZWxldGUiOjE4MDAwMDAwMDAwMDAsInJlYWQiOjMwMDAwMDAwMDAwMH19",
          "dependencies": [
            "azurerm_network_security_group.devrg1-nsg1",
            "azurerm_resource_group.rg1",
            "azurerm_subnet.vnet1-subnet-1",
            "azurerm_virtual_network.vnet1"
          ]
        }
      ]
    },
    {
      "mode": "managed",
      "type": "azurerm_virtual_network",
      "name": "vnet1",
      "provider": "provider[\"registry.terraform.io/hashicorp/azurerm\"]",
      "instances": [
        {
          "schema_version": 0,
          "attributes": {
            "address_space": [
              "10.48.0.0/16"
            ],
            "bgp_community": "",
            "ddos_protection_plan": [],
            "dns_servers": [],
            "edge_zone": "",
            "encryption": [],
            "flow_timeout_in_minutes": 0,
            "guid": "5b65ad74-5133-4e22-9a80-b8b6942bc2c5",
            "id": "/subscriptions/4879f329-b467-46e8-9912-49f66c238cdd/resourceGroups/rg1/providers/Microsoft.Network/virtualNetworks/Dev-vnet1",
            "location": "westus2",
            "name": "Dev-vnet1",
            "private_endpoint_vnet_policies": "Disabled",
            "resource_group_name": "rg1",
            "subnet": [],
            "tags": null,
            "timeouts": null
          },
          "sensitive_attributes": [],
          "private": "eyJlMmJmYjczMC1lY2FhLTExZTYtOGY4OC0zNDM2M2JjN2M0YzAiOnsiY3JlYXRlIjoxODAwMDAwMDAwMDAwLCJkZWxldGUiOjE4MDAwMDAwMDAwMDAsInJlYWQiOjMwMDAwMDAwMDAwMCwidXBkYXRlIjoxODAwMDAwMDAwMDAwfX0=",
          "dependencies": [
            "azurerm_resource_group.rg1"
          ]
        }
      ]
    }
  ],
  "check_results": null
}
